
Microsoft Visual Studio Solution File, Format Version 12.00
# Visual Studio Version 17
VisualStudioVersion = 17.8.34525.116
MinimumVisualStudioVersion = 10.0.40219.1
Project("{FAE04EC0-301F-11D3-BF4B-00C04F79EFBC}") = "DotNetSOAPStarter", "DotNetSOAPStarter\DotNetSOAPStarter.csproj", "{78AE1A09-D37A-4FFC-A90C-B5CB8E67AED8}"
EndProject
Global
	GlobalSection(SolutionConfigurationPlatforms) = preSolution
		Debug|Any CPU = Debug|Any CPU
		Release|Any CPU = Release|Any CPU
	EndGlobalSection
	GlobalSection(ProjectConfigurationPlatforms) = postSolution
		{78AE1A09-D37A-4FFC-A90C-B5CB8E67AED8}.Debug|Any CPU.ActiveCfg = Debug|Any CPU
		{78AE1A09-D37A-4FFC-A90C-B5CB8E67AED8}.Debug|Any CPU.Build.0 = Debug|Any CPU
		{78AE1A09-D37A-4FFC-A90C-B5CB8E67AED8}.Release|Any CPU.ActiveCfg = Release|Any CPU
		{78AE1A09-D37A-4FFC-A90C-B5CB8E67AED8}.Release|Any CPU.Build.0 = Release|Any CPU
	EndGlobalSection
	GlobalSection(SolutionProperties) = preSolution
		HideSolutionNode = FALSE
	EndGlobalSection
	GlobalSection(ExtensibilityGlobals) = postSolution
		SolutionGuid = {52FEEA13-DDA0-4046-B41D-0AFADA90220E}
	EndGlobalSection
EndGlobal
